
Microsoft Visual Studio Solution File, Format Version 12.00
# Visual Studio Version 17
VisualStudioVersion = 17.0.31903.59
MinimumVisualStudioVersion = 10.0.40219.1
Project("{9A19103F-16F7-4668-BE54-9A1E7A4F7556}") = "Bannerlord.ModuleManager", "Bannerlord.ModuleManager\Bannerlord.ModuleManager.csproj", "{F9F1C4C6-93E8-4FA4-86CE-A840842D0DA2}"
EndProject
Project("{9A19103F-16F7-4668-BE54-9A1E7A4F7556}") = "Bannerlord.ModuleManager.WASM", "Bannerlord.ModuleManager.WASM\Bannerlord.ModuleManager.WASM.csproj", "{6628D1C9-6234-493F-A240-F0B40024783E}"
EndProject
Project("{9A19103F-16F7-4668-BE54-9A1E7A4F7556}") = "Bannerlord.ModuleManager.Tests", "Bannerlord.ModuleManager.Tests\Bannerlord.ModuleManager.Tests.csproj", "{C31AFBA4-016A-429B-B448-F4311A2151C5}"
EndProject
Project("{2150E333-8FDC-42A3-9474-1A3956D46DE8}") = "root", "root", "{2D0B1C0E-1519-47CD-96AA-728A6A1F6BC0}"
EndProject
Project("{2150E333-8FDC-42A3-9474-1A3956D46DE8}") = "src", "src", "{8F14632F-6637-4E24-9C0E-D776516D4AC1}"
EndProject
Project("{2150E333-8FDC-42A3-9474-1A3956D46DE8}") = "build", "build", "{8AA497C6-5F1B-45C4-BFBA-C542E134A4B2}"
	ProjectSection(SolutionItems) = preProject
		..\build\common.props = ..\build\common.props
	EndProjectSection
EndProject
Project("{2150E333-8FDC-42A3-9474-1A3956D46DE8}") = "workflows", "workflows", "{16F53495-2C0C-4101-A965-ACB8227DF822}"
	ProjectSection(SolutionItems) = preProject
		..\.github\workflows\dotnet-format-daily.yml = ..\.github\workflows\dotnet-format-daily.yml
		..\.github\workflows\publish-nuget.yml = ..\.github\workflows\publish-nuget.yml
		..\.github\workflows\publish-wasm.yml = ..\.github\workflows\publish-wasm.yml
		..\.github\workflows\publish-native-ts.yml = ..\.github\workflows\publish-native-ts.yml
	EndProjectSection
EndProject
Project("{FAE04EC0-301F-11D3-BF4B-00C04F79EFBC}") = "Bannerlord.ModuleManager.Native", "Bannerlord.ModuleManager.Native\Bannerlord.ModuleManager.Native.csproj", "{F91F0C16-57B3-4BCC-A721-2C86029B2C44}"
EndProject
Global
	GlobalSection(SolutionConfigurationPlatforms) = preSolution
		Debug|Any CPU = Debug|Any CPU
		Release|Any CPU = Release|Any CPU
	EndGlobalSection
	GlobalSection(ProjectConfigurationPlatforms) = postSolution
		{F9F1C4C6-93E8-4FA4-86CE-A840842D0DA2}.Debug|Any CPU.ActiveCfg = Debug|Any CPU
		{F9F1C4C6-93E8-4FA4-86CE-A840842D0DA2}.Debug|Any CPU.Build.0 = Debug|Any CPU
		{F9F1C4C6-93E8-4FA4-86CE-A840842D0DA2}.Release|Any CPU.ActiveCfg = Release|Any CPU
		{F9F1C4C6-93E8-4FA4-86CE-A840842D0DA2}.Release|Any CPU.Build.0 = Release|Any CPU
		{6628D1C9-6234-493F-A240-F0B40024783E}.Debug|Any CPU.ActiveCfg = Debug|Any CPU
		{6628D1C9-6234-493F-A240-F0B40024783E}.Debug|Any CPU.Build.0 = Debug|Any CPU
		{6628D1C9-6234-493F-A240-F0B40024783E}.Release|Any CPU.ActiveCfg = Release|Any CPU
		{6628D1C9-6234-493F-A240-F0B40024783E}.Release|Any CPU.Build.0 = Release|Any CPU
		{C31AFBA4-016A-429B-B448-F4311A2151C5}.Debug|Any CPU.ActiveCfg = Debug|Any CPU
		{C31AFBA4-016A-429B-B448-F4311A2151C5}.Debug|Any CPU.Build.0 = Debug|Any CPU
		{C31AFBA4-016A-429B-B448-F4311A2151C5}.Release|Any CPU.ActiveCfg = Release|Any CPU
		{C31AFBA4-016A-429B-B448-F4311A2151C5}.Release|Any CPU.Build.0 = Release|Any CPU
		{F91F0C16-57B3-4BCC-A721-2C86029B2C44}.Debug|Any CPU.ActiveCfg = Debug|Any CPU
		{F91F0C16-57B3-4BCC-A721-2C86029B2C44}.Debug|Any CPU.Build.0 = Debug|Any CPU
		{F91F0C16-57B3-4BCC-A721-2C86029B2C44}.Release|Any CPU.ActiveCfg = Release|Any CPU
		{F91F0C16-57B3-4BCC-A721-2C86029B2C44}.Release|Any CPU.Build.0 = Release|Any CPU
	EndGlobalSection
	GlobalSection(SolutionProperties) = preSolution
		HideSolutionNode = FALSE
	EndGlobalSection
	GlobalSection(NestedProjects) = preSolution
		{F9F1C4C6-93E8-4FA4-86CE-A840842D0DA2} = {8F14632F-6637-4E24-9C0E-D776516D4AC1}
		{6628D1C9-6234-493F-A240-F0B40024783E} = {8F14632F-6637-4E24-9C0E-D776516D4AC1}
		{C31AFBA4-016A-429B-B448-F4311A2151C5} = {8F14632F-6637-4E24-9C0E-D776516D4AC1}
		{8F14632F-6637-4E24-9C0E-D776516D4AC1} = {2D0B1C0E-1519-47CD-96AA-728A6A1F6BC0}
		{8AA497C6-5F1B-45C4-BFBA-C542E134A4B2} = {2D0B1C0E-1519-47CD-96AA-728A6A1F6BC0}
		{16F53495-2C0C-4101-A965-ACB8227DF822} = {2D0B1C0E-1519-47CD-96AA-728A6A1F6BC0}
		{F91F0C16-57B3-4BCC-A721-2C86029B2C44} = {8F14632F-6637-4E24-9C0E-D776516D4AC1}
	EndGlobalSection
	GlobalSection(ExtensibilityGlobals) = postSolution
		SolutionGuid = {5E629D17-E1D7-4E87-88BE-55D34F95D796}
	EndGlobalSection
EndGlobal
