
Microsoft Visual Studio Solution File, Format Version 12.00
# Visual Studio Version 17
VisualStudioVersion = 17.0.31903.59
MinimumVisualStudioVersion = 10.0.40219.1
Project("{9A19103F-16F7-4668-BE54-9A1E7A4F7556}") = "Bannerlord.ModuleManager.Source", "Bannerlord.ModuleManager.Source\Bannerlord.ModuleManager.Source.csproj", "{F9F1C4C6-93E8-4FA4-86CE-A840842D0DA2}"
EndProject
Project("{9A19103F-16F7-4668-BE54-9A1E7A4F7556}") = "Bannerlord.ModuleManager.Tests", "Bannerlord.ModuleManager.Tests\Bannerlord.ModuleManager.Tests.csproj", "{C31AFBA4-016A-429B-B448-F4311A2151C5}"
EndProject
Project("{2150E333-8FDC-42A3-9474-1A3956D46DE8}") = "root", "root", "{2D0B1C0E-1519-47CD-96AA-728A6A1F6BC0}"
EndProject
Project("{2150E333-8FDC-42A3-9474-1A3956D46DE8}") = "src", "src", "{8F14632F-6637-4E24-9C0E-D776516D4AC1}"
	ProjectSection(SolutionItems) = preProject
		Bannerlord.ModuleManager.Source.props = Bannerlord.ModuleManager.Source.props
	EndProjectSection
EndProject
Project("{2150E333-8FDC-42A3-9474-1A3956D46DE8}") = "build", "build", "{8AA497C6-5F1B-45C4-BFBA-C542E134A4B2}"
	ProjectSection(SolutionItems) = preProject
		..\build\common.props = ..\build\common.props
	EndProjectSection
EndProject
Project("{2150E333-8FDC-42A3-9474-1A3956D46DE8}") = "workflows", "workflows", "{16F53495-2C0C-4101-A965-ACB8227DF822}"
	ProjectSection(SolutionItems) = preProject
		..\.github\workflows\dotnet-format-daily.yml = ..\.github\workflows\dotnet-format-daily.yml
		..\.github\workflows\publish-nuget.yml = ..\.github\workflows\publish-nuget.yml
	EndProjectSection
EndProject
Project("{2150E333-8FDC-42A3-9474-1A3956D46DE8}") = "test", "test", "{FBDA325F-819E-4771-8FE1-15497B134C4A}"
EndProject
Project("{FAE04EC0-301F-11D3-BF4B-00C04F79EFBC}") = "Bannerlord.ModuleManager.Models", "Bannerlord.ModuleManager.Models\Bannerlord.ModuleManager.Models.csproj", "{B3F74AF9-9185-42DD-BCF8-89BA1CA4D5F2}"
EndProject
Project("{FAE04EC0-301F-11D3-BF4B-00C04F79EFBC}") = "Bannerlord.ModuleManager", "Bannerlord.ModuleManager\Bannerlord.ModuleManager.csproj", "{7263DA30-444A-44F5-ADB0-E5699AA983AC}"
EndProject
Global
	GlobalSection(SolutionConfigurationPlatforms) = preSolution
		Debug|Any CPU = Debug|Any CPU
		Release|Any CPU = Release|Any CPU
	EndGlobalSection
	GlobalSection(ProjectConfigurationPlatforms) = postSolution
		{F9F1C4C6-93E8-4FA4-86CE-A840842D0DA2}.Debug|Any CPU.ActiveCfg = Debug|Any CPU
		{F9F1C4C6-93E8-4FA4-86CE-A840842D0DA2}.Debug|Any CPU.Build.0 = Debug|Any CPU
		{F9F1C4C6-93E8-4FA4-86CE-A840842D0DA2}.Release|Any CPU.ActiveCfg = Release|Any CPU
		{F9F1C4C6-93E8-4FA4-86CE-A840842D0DA2}.Release|Any CPU.Build.0 = Release|Any CPU
		{C31AFBA4-016A-429B-B448-F4311A2151C5}.Debug|Any CPU.ActiveCfg = Debug|Any CPU
		{C31AFBA4-016A-429B-B448-F4311A2151C5}.Debug|Any CPU.Build.0 = Debug|Any CPU
		{C31AFBA4-016A-429B-B448-F4311A2151C5}.Release|Any CPU.ActiveCfg = Release|Any CPU
		{C31AFBA4-016A-429B-B448-F4311A2151C5}.Release|Any CPU.Build.0 = Release|Any CPU
		{B3F74AF9-9185-42DD-BCF8-89BA1CA4D5F2}.Debug|Any CPU.ActiveCfg = Debug|Any CPU
		{B3F74AF9-9185-42DD-BCF8-89BA1CA4D5F2}.Debug|Any CPU.Build.0 = Debug|Any CPU
		{B3F74AF9-9185-42DD-BCF8-89BA1CA4D5F2}.Release|Any CPU.ActiveCfg = Release|Any CPU
		{B3F74AF9-9185-42DD-BCF8-89BA1CA4D5F2}.Release|Any CPU.Build.0 = Release|Any CPU
		{7263DA30-444A-44F5-ADB0-E5699AA983AC}.Debug|Any CPU.ActiveCfg = Debug|Any CPU
		{7263DA30-444A-44F5-ADB0-E5699AA983AC}.Debug|Any CPU.Build.0 = Debug|Any CPU
		{7263DA30-444A-44F5-ADB0-E5699AA983AC}.Release|Any CPU.ActiveCfg = Release|Any CPU
		{7263DA30-444A-44F5-ADB0-E5699AA983AC}.Release|Any CPU.Build.0 = Release|Any CPU
	EndGlobalSection
	GlobalSection(SolutionProperties) = preSolution
		HideSolutionNode = FALSE
	EndGlobalSection
	GlobalSection(NestedProjects) = preSolution
		{F9F1C4C6-93E8-4FA4-86CE-A840842D0DA2} = {8F14632F-6637-4E24-9C0E-D776516D4AC1}
		{8F14632F-6637-4E24-9C0E-D776516D4AC1} = {2D0B1C0E-1519-47CD-96AA-728A6A1F6BC0}
		{8AA497C6-5F1B-45C4-BFBA-C542E134A4B2} = {2D0B1C0E-1519-47CD-96AA-728A6A1F6BC0}
		{16F53495-2C0C-4101-A965-ACB8227DF822} = {2D0B1C0E-1519-47CD-96AA-728A6A1F6BC0}
		{FBDA325F-819E-4771-8FE1-15497B134C4A} = {2D0B1C0E-1519-47CD-96AA-728A6A1F6BC0}
		{C31AFBA4-016A-429B-B448-F4311A2151C5} = {FBDA325F-819E-4771-8FE1-15497B134C4A}
		{B3F74AF9-9185-42DD-BCF8-89BA1CA4D5F2} = {8F14632F-6637-4E24-9C0E-D776516D4AC1}
		{7263DA30-444A-44F5-ADB0-E5699AA983AC} = {8F14632F-6637-4E24-9C0E-D776516D4AC1}
	EndGlobalSection
	GlobalSection(ExtensibilityGlobals) = postSolution
		SolutionGuid = {5E629D17-E1D7-4E87-88BE-55D34F95D796}
	EndGlobalSection
EndGlobal
