
Microsoft Visual Studio Solution File, Format Version 12.00
# Visual Studio Version 17
VisualStudioVersion = 17.0.31903.59
MinimumVisualStudioVersion = 10.0.40219.1
Project("{9A19103F-16F7-4668-BE54-9A1E7A4F7556}") = "Bannerlord.ModuleManager", "Bannerlord.ModuleManager\Bannerlord.ModuleManager.csproj", "{F9F1C4C6-93E8-4FA4-86CE-A840842D0DA2}"
EndProject
Project("{9A19103F-16F7-4668-BE54-9A1E7A4F7556}") = "Bannerlord.ModuleManager.WASM", "Bannerlord.ModuleManager.WASM\Bannerlord.ModuleManager.WASM.csproj", "{6628D1C9-6234-493F-A240-F0B40024783E}"
EndProject
Project("{9A19103F-16F7-4668-BE54-9A1E7A4F7556}") = "Bannerlord.ModuleManager.Tests", "Bannerlord.ModuleManager.Tests\Bannerlord.ModuleManager.Tests.csproj", "{C31AFBA4-016A-429B-B448-F4311A2151C5}"
EndProject
Global
	GlobalSection(SolutionConfigurationPlatforms) = preSolution
		Debug|Any CPU = Debug|Any CPU
		Release|Any CPU = Release|Any CPU
	EndGlobalSection
	GlobalSection(ProjectConfigurationPlatforms) = postSolution
		{F9F1C4C6-93E8-4FA4-86CE-A840842D0DA2}.Debug|Any CPU.ActiveCfg = Debug|Any CPU
		{F9F1C4C6-93E8-4FA4-86CE-A840842D0DA2}.Debug|Any CPU.Build.0 = Debug|Any CPU
		{F9F1C4C6-93E8-4FA4-86CE-A840842D0DA2}.Release|Any CPU.ActiveCfg = Release|Any CPU
		{F9F1C4C6-93E8-4FA4-86CE-A840842D0DA2}.Release|Any CPU.Build.0 = Release|Any CPU
		{6628D1C9-6234-493F-A240-F0B40024783E}.Debug|Any CPU.ActiveCfg = Debug|Any CPU
		{6628D1C9-6234-493F-A240-F0B40024783E}.Debug|Any CPU.Build.0 = Debug|Any CPU
		{6628D1C9-6234-493F-A240-F0B40024783E}.Release|Any CPU.ActiveCfg = Release|Any CPU
		{6628D1C9-6234-493F-A240-F0B40024783E}.Release|Any CPU.Build.0 = Release|Any CPU
		{C31AFBA4-016A-429B-B448-F4311A2151C5}.Debug|Any CPU.ActiveCfg = Debug|Any CPU
		{C31AFBA4-016A-429B-B448-F4311A2151C5}.Debug|Any CPU.Build.0 = Debug|Any CPU
		{C31AFBA4-016A-429B-B448-F4311A2151C5}.Release|Any CPU.ActiveCfg = Release|Any CPU
		{C31AFBA4-016A-429B-B448-F4311A2151C5}.Release|Any CPU.Build.0 = Release|Any CPU
	EndGlobalSection
	GlobalSection(SolutionProperties) = preSolution
		HideSolutionNode = FALSE
	EndGlobalSection
	GlobalSection(ExtensibilityGlobals) = postSolution
		SolutionGuid = {5E629D17-E1D7-4E87-88BE-55D34F95D796}
	EndGlobalSection
EndGlobal
